{
  "name": "xpx-typescript-angular-sdk",
  "version": "0.0.18",
  "lockfileVersion": 1,
  "requires": true,
  "dependencies": {
    "@types/flatbuffers": {
      "version": "1.9.0",
      "resolved": "https://registry.npmjs.org/@types/flatbuffers/-/flatbuffers-1.9.0.tgz",
      "integrity": "sha512-Ek+pJNTxBXBalTaTqKNwsaF3G8kfsmtYHxdWb8EUAS7dcPkSbRcNFGlaBQboXVSfSU/Vu32J3qs5Tgj56szDTw==",
      "dev": true
    },
    "@types/text-encoding-utf-8": {
      "version": "1.0.1",
      "resolved": "https://registry.npmjs.org/@types/text-encoding-utf-8/-/text-encoding-utf-8-1.0.1.tgz",
      "integrity": "sha512-GpIEYaS+yNfYqpowLLziiY42pyaL+lThd/wMh6tTubaKuG4IRkXqqyxK7Nddn3BvpUg2+go3Gv/jbXvAFMRjiQ==",
      "dev": true
    },
    "@types/utf8": {
      "version": "2.1.6",
      "resolved": "https://registry.npmjs.org/@types/utf8/-/utf8-2.1.6.tgz",
      "integrity": "sha512-pRs2gYF5yoKYrgSaira0DJqVg2tFuF+Qjp838xS7K+mJyY2jJzjsrl6y17GbIa4uMRogMbxs+ghNCvKg6XyNrA==",
      "dev": true
    }
  }
}
